// !$*UTF8*$!
{
	archiveVersion = 1;
	classes = {
	};
	objectVersion = 55;
	objects = {

/* Begin PBXBuildFile section */
		BB3FDB3A270317F300E962C8 /* AppDelegate.swift in Sources */ = {isa = PBXBuildFile; fileRef = BB3FDB39270317F300E962C8 /* AppDelegate.swift */; };
		BB3FDB3C270317F300E962C8 /* SceneDelegate.swift in Sources */ = {isa = PBXBuildFile; fileRef = BB3FDB3B270317F300E962C8 /* SceneDelegate.swift */; };
		BB3FDB3E270317F300E962C8 /* ViewController.swift in Sources */ = {isa = PBXBuildFile; fileRef = BB3FDB3D270317F300E962C8 /* ViewController.swift */; };
		BB3FDB41270317F300E962C8 /* Main.storyboard in Resources */ = {isa = PBXBuildFile; fileRef = BB3FDB3F270317F300E962C8 /* Main.storyboard */; };
		BB3FDB43270317F400E962C8 /* Assets.xcassets in Resources */ = {isa = PBXBuildFile; fileRef = BB3FDB42270317F400E962C8 /* Assets.xcassets */; };
		BB3FDB46270317F500E962C8 /* LaunchScreen.storyboard in Resources */ = {isa = PBXBuildFile; fileRef = BB3FDB44270317F500E962C8 /* LaunchScreen.storyboard */; };
		BB3FDB51270317F500E962C8 /* CTFeedbackSwiftLanguagesTests.swift in Sources */ = {isa = PBXBuildFile; fileRef = BB3FDB50270317F500E962C8 /* CTFeedbackSwiftLanguagesTests.swift */; };
		BB3FDB5B270317F500E962C8 /* CTFeedbackSwiftLanguagesUITests.swift in Sources */ = {isa = PBXBuildFile; fileRef = BB3FDB5A270317F500E962C8 /* CTFeedbackSwiftLanguagesUITests.swift */; };
		BB3FDB5D270317F500E962C8 /* CTFeedbackSwiftLanguagesUITestsLaunchTests.swift in Sources */ = {isa = PBXBuildFile; fileRef = BB3FDB5C270317F500E962C8 /* CTFeedbackSwiftLanguagesUITestsLaunchTests.swift */; };
/* End PBXBuildFile section */

/* Begin PBXContainerItemProxy section */
		BB3FDB4D270317F500E962C8 /* PBXContainerItemProxy */ = {
			isa = PBXContainerItemProxy;
			containerPortal = BB3FDB2E270317F300E962C8 /* Project object */;
			proxyType = 1;
			remoteGlobalIDString = BB3FDB35270317F300E962C8;
			remoteInfo = CTFeedbackSwiftLanguages;
		};
		BB3FDB57270317F500E962C8 /* PBXContainerItemProxy */ = {
			isa = PBXContainerItemProxy;
			containerPortal = BB3FDB2E270317F300E962C8 /* Project object */;
			proxyType = 1;
			remoteGlobalIDString = BB3FDB35270317F300E962C8;
			remoteInfo = CTFeedbackSwiftLanguages;
		};
/* End PBXContainerItemProxy section */

/* Begin PBXFileReference section */
		BB3FDB36270317F300E962C8 /* CTFeedbackSwiftLanguages.app */ = {isa = PBXFileReference; explicitFileType = wrapper.application; includeInIndex = 0; path = CTFeedbackSwiftLanguages.app; sourceTree = BUILT_PRODUCTS_DIR; };
		BB3FDB39270317F300E962C8 /* AppDelegate.swift */ = {isa = PBXFileReference; lastKnownFileType = sourcecode.swift; path = AppDelegate.swift; sourceTree = "<group>"; };
		BB3FDB3B270317F300E962C8 /* SceneDelegate.swift */ = {isa = PBXFileReference; lastKnownFileType = sourcecode.swift; path = SceneDelegate.swift; sourceTree = "<group>"; };
		BB3FDB3D270317F300E962C8 /* ViewController.swift */ = {isa = PBXFileReference; lastKnownFileType = sourcecode.swift; path = ViewController.swift; sourceTree = "<group>"; };
		BB3FDB40270317F300E962C8 /* Base */ = {isa = PBXFileReference; lastKnownFileType = file.storyboard; name = Base; path = Base.lproj/Main.storyboard; sourceTree = "<group>"; };
		BB3FDB42270317F400E962C8 /* Assets.xcassets */ = {isa = PBXFileReference; lastKnownFileType = folder.assetcatalog; path = Assets.xcassets; sourceTree = "<group>"; };
		BB3FDB45270317F500E962C8 /* Base */ = {isa = PBXFileReference; lastKnownFileType = file.storyboard; name = Base; path = Base.lproj/LaunchScreen.storyboard; sourceTree = "<group>"; };
		BB3FDB47270317F500E962C8 /* Info.plist */ = {isa = PBXFileReference; lastKnownFileType = text.plist.xml; path = Info.plist; sourceTree = "<group>"; };
		BB3FDB4C270317F500E962C8 /* CTFeedbackSwiftLanguagesTests.xctest */ = {isa = PBXFileReference; explicitFileType = wrapper.cfbundle; includeInIndex = 0; path = CTFeedbackSwiftLanguagesTests.xctest; sourceTree = BUILT_PRODUCTS_DIR; };
		BB3FDB50270317F500E962C8 /* CTFeedbackSwiftLanguagesTests.swift */ = {isa = PBXFileReference; lastKnownFileType = sourcecode.swift; path = CTFeedbackSwiftLanguagesTests.swift; sourceTree = "<group>"; };
		BB3FDB56270317F500E962C8 /* CTFeedbackSwiftLanguagesUITests.xctest */ = {isa = PBXFileReference; explicitFileType = wrapper.cfbundle; includeInIndex = 0; path = CTFeedbackSwiftLanguagesUITests.xctest; sourceTree = BUILT_PRODUCTS_DIR; };
		BB3FDB5A270317F500E962C8 /* CTFeedbackSwiftLanguagesUITests.swift */ = {isa = PBXFileReference; lastKnownFileType = sourcecode.swift; path = CTFeedbackSwiftLanguagesUITests.swift; sourceTree = "<group>"; };
		BB3FDB5C270317F500E962C8 /* CTFeedbackSwiftLanguagesUITestsLaunchTests.swift */ = {isa = PBXFileReference; lastKnownFileType = sourcecode.swift; path = CTFeedbackSwiftLanguagesUITestsLaunchTests.swift; sourceTree = "<group>"; };
/* End PBXFileReference section */

/* Begin PBXFrameworksBuildPhase section */
		BB3FDB33270317F300E962C8 /* Frameworks */ = {
			isa = PBXFrameworksBuildPhase;
			buildActionMask = 2147483647;
			files = (
			);
			runOnlyForDeploymentPostprocessing = 0;
		};
		BB3FDB49270317F500E962C8 /* Frameworks */ = {
			isa = PBXFrameworksBuildPhase;
			buildActionMask = 2147483647;
			files = (
			);
			runOnlyForDeploymentPostprocessing = 0;
		};
		BB3FDB53270317F500E962C8 /* Frameworks */ = {
			isa = PBXFrameworksBuildPhase;
			buildActionMask = 2147483647;
			files = (
			);
			runOnlyForDeploymentPostprocessing = 0;
		};
/* End PBXFrameworksBuildPhase section */

/* Begin PBXGroup section */
		BB3FDB2D270317F300E962C8 = {
			isa = PBXGroup;
			children = (
				BB3FDB38270317F300E962C8 /* CTFeedbackSwiftLanguages */,
				BB3FDB4F270317F500E962C8 /* CTFeedbackSwiftLanguagesTests */,
				BB3FDB59270317F500E962C8 /* CTFeedbackSwiftLanguagesUITests */,
				BB3FDB37270317F300E962C8 /* Products */,
			);
			sourceTree = "<group>";
		};
		BB3FDB37270317F300E962C8 /* Products */ = {
			isa = PBXGroup;
			children = (
				BB3FDB36270317F300E962C8 /* CTFeedbackSwiftLanguages.app */,
				BB3FDB4C270317F500E962C8 /* CTFeedbackSwiftLanguagesTests.xctest */,
				BB3FDB56270317F500E962C8 /* CTFeedbackSwiftLanguagesUITests.xctest */,
			);
			name = Products;
			sourceTree = "<group>";
		};
		BB3FDB38270317F300E962C8 /* CTFeedbackSwiftLanguages */ = {
			isa = PBXGroup;
			children = (
				BB3FDB39270317F300E962C8 /* AppDelegate.swift */,
				BB3FDB3B270317F300E962C8 /* SceneDelegate.swift */,
				BB3FDB3D270317F300E962C8 /* ViewController.swift */,
				BB3FDB3F270317F300E962C8 /* Main.storyboard */,
				BB3FDB42270317F400E962C8 /* Assets.xcassets */,
				BB3FDB44270317F500E962C8 /* LaunchScreen.storyboard */,
				BB3FDB47270317F500E962C8 /* Info.plist */,
			);
			path = CTFeedbackSwiftLanguages;
			sourceTree = "<group>";
		};
		BB3FDB4F270317F500E962C8 /* CTFeedbackSwiftLanguagesTests */ = {
			isa = PBXGroup;
			children = (
				BB3FDB50270317F500E962C8 /* CTFeedbackSwiftLanguagesTests.swift */,
			);
			path = CTFeedbackSwiftLanguagesTests;
			sourceTree = "<group>";
		};
		BB3FDB59270317F500E962C8 /* CTFeedbackSwiftLanguagesUITests */ = {
			isa = PBXGroup;
			children = (
				BB3FDB5A270317F500E962C8 /* CTFeedbackSwiftLanguagesUITests.swift */,
				BB3FDB5C270317F500E962C8 /* CTFeedbackSwiftLanguagesUITestsLaunchTests.swift */,
			);
			path = CTFeedbackSwiftLanguagesUITests;
			sourceTree = "<group>";
		};
/* End PBXGroup section */

/* Begin PBXNativeTarget section */
		BB3FDB35270317F300E962C8 /* CTFeedbackSwiftLanguages */ = {
			isa = PBXNativeTarget;
			buildConfigurationList = BB3FDB60270317F500E962C8 /* Build configuration list for PBXNativeTarget "CTFeedbackSwiftLanguages" */;
			buildPhases = (
				BB3FDB32270317F300E962C8 /* Sources */,
				BB3FDB33270317F300E962C8 /* Frameworks */,
				BB3FDB34270317F300E962C8 /* Resources */,
			);
			buildRules = (
			);
			dependencies = (
			);
			name = CTFeedbackSwiftLanguages;
			productName = CTFeedbackSwiftLanguages;
			productReference = BB3FDB36270317F300E962C8 /* CTFeedbackSwiftLanguages.app */;
			productType = "com.apple.product-type.application";
		};
		BB3FDB4B270317F500E962C8 /* CTFeedbackSwiftLanguagesTests */ = {
			isa = PBXNativeTarget;
			buildConfigurationList = BB3FDB63270317F500E962C8 /* Build configuration list for PBXNativeTarget "CTFeedbackSwiftLanguagesTests" */;
			buildPhases = (
				BB3FDB48270317F500E962C8 /* Sources */,
				BB3FDB49270317F500E962C8 /* Frameworks */,
				BB3FDB4A270317F500E962C8 /* Resources */,
			);
			buildRules = (
			);
			dependencies = (
				BB3FDB4E270317F500E962C8 /* PBXTargetDependency */,
			);
			name = CTFeedbackSwiftLanguagesTests;
			productName = CTFeedbackSwiftLanguagesTests;
			productReference = BB3FDB4C270317F500E962C8 /* CTFeedbackSwiftLanguagesTests.xctest */;
			productType = "com.apple.product-type.bundle.unit-test";
		};
		BB3FDB55270317F500E962C8 /* CTFeedbackSwiftLanguagesUITests */ = {
			isa = PBXNativeTarget;
			buildConfigurationList = BB3FDB66270317F500E962C8 /* Build configuration list for PBXNativeTarget "CTFeedbackSwiftLanguagesUITests" */;
			buildPhases = (
				BB3FDB52270317F500E962C8 /* Sources */,
				BB3FDB53270317F500E962C8 /* Frameworks */,
				BB3FDB54270317F500E962C8 /* Resources */,
			);
			buildRules = (
			);
			dependencies = (
				BB3FDB58270317F500E962C8 /* PBXTargetDependency */,
			);
			name = CTFeedbackSwiftLanguagesUITests;
			productName = CTFeedbackSwiftLanguagesUITests;
			productReference = BB3FDB56270317F500E962C8 /* CTFeedbackSwiftLanguagesUITests.xctest */;
			productType = "com.apple.product-type.bundle.ui-testing";
		};
/* End PBXNativeTarget section */

/* Begin PBXProject section */
		BB3FDB2E270317F300E962C8 /* Project object */ = {
			isa = PBXProject;
			attributes = {
				BuildIndependentTargetsInParallel = 1;
				LastSwiftUpdateCheck = 1300;
				LastUpgradeCheck = 1300;
				TargetAttributes = {
					BB3FDB35270317F300E962C8 = {
						CreatedOnToolsVersion = 13.0;
					};
					BB3FDB4B270317F500E962C8 = {
						CreatedOnToolsVersion = 13.0;
						TestTargetID = BB3FDB35270317F300E962C8;
					};
					BB3FDB55270317F500E962C8 = {
						CreatedOnToolsVersion = 13.0;
						TestTargetID = BB3FDB35270317F300E962C8;
					};
				};
			};
			buildConfigurationList = BB3FDB31270317F300E962C8 /* Build configuration list for PBXProject "CTFeedbackSwiftLanguages" */;
			compatibilityVersion = "Xcode 13.0";
			developmentRegion = en;
			hasScannedForEncodings = 0;
			knownRegions = (
				en,
				Base,
			);
			mainGroup = BB3FDB2D270317F300E962C8;
			productRefGroup = BB3FDB37270317F300E962C8 /* Products */;
			projectDirPath = "";
			projectRoot = "";
			targets = (
				BB3FDB35270317F300E962C8 /* CTFeedbackSwiftLanguages */,
				BB3FDB4B270317F500E962C8 /* CTFeedbackSwiftLanguagesTests */,
				BB3FDB55270317F500E962C8 /* CTFeedbackSwiftLanguagesUITests */,
			);
		};
/* End PBXProject section */

/* Begin PBXResourcesBuildPhase section */
		BB3FDB34270317F300E962C8 /* Resources */ = {
			isa = PBXResourcesBuildPhase;
			buildActionMask = 2147483647;
			files = (
				BB3FDB46270317F500E962C8 /* LaunchScreen.storyboard in Resources */,
				BB3FDB43270317F400E962C8 /* Assets.xcassets in Resources */,
				BB3FDB41270317F300E962C8 /* Main.storyboard in Resources */,
			);
			runOnlyForDeploymentPostprocessing = 0;
		};
		BB3FDB4A270317F500E962C8 /* Resources */ = {
			isa = PBXResourcesBuildPhase;
			buildActionMask = 2147483647;
			files = (
			);
			runOnlyForDeploymentPostprocessing = 0;
		};
		BB3FDB54270317F500E962C8 /* Resources */ = {
			isa = PBXResourcesBuildPhase;
			buildActionMask = 2147483647;
			files = (
			);
			runOnlyForDeploymentPostprocessing = 0;
		};
/* End PBXResourcesBuildPhase section */

/* Begin PBXSourcesBuildPhase section */
		BB3FDB32270317F300E962C8 /* Sources */ = {
			isa = PBXSourcesBuildPhase;
			buildActionMask = 2147483647;
			files = (
				BB3FDB3E270317F300E962C8 /* ViewController.swift in Sources */,
				BB3FDB3A270317F300E962C8 /* AppDelegate.swift in Sources */,
				BB3FDB3C270317F300E962C8 /* SceneDelegate.swift in Sources */,
			);
			runOnlyForDeploymentPostprocessing = 0;
		};
		BB3FDB48270317F500E962C8 /* Sources */ = {
			isa = PBXSourcesBuildPhase;
			buildActionMask = 2147483647;
			files = (
				BB3FDB51270317F500E962C8 /* CTFeedbackSwiftLanguagesTests.swift in Sources */,
			);
			runOnlyForDeploymentPostprocessing = 0;
		};
		BB3FDB52270317F500E962C8 /* Sources */ = {
			isa = PBXSourcesBuildPhase;
			buildActionMask = 2147483647;
			files = (
				BB3FDB5D270317F500E962C8 /* CTFeedbackSwiftLanguagesUITestsLaunchTests.swift in Sources */,
				BB3FDB5B270317F500E962C8 /* CTFeedbackSwiftLanguagesUITests.swift in Sources */,
			);
			runOnlyForDeploymentPostprocessing = 0;
		};
/* End PBXSourcesBuildPhase section */

/* Begin PBXTargetDependency section */
		BB3FDB4E270317F500E962C8 /* PBXTargetDependency */ = {
			isa = PBXTargetDependency;
			target = BB3FDB35270317F300E962C8 /* CTFeedbackSwiftLanguages */;
			targetProxy = BB3FDB4D270317F500E962C8 /* PBXContainerItemProxy */;
		};
		BB3FDB58270317F500E962C8 /* PBXTargetDependency */ = {
			isa = PBXTargetDependency;
			target = BB3FDB35270317F300E962C8 /* CTFeedbackSwiftLanguages */;
			targetProxy = BB3FDB57270317F500E962C8 /* PBXContainerItemProxy */;
		};
/* End PBXTargetDependency section */

/* Begin PBXVariantGroup section */
		BB3FDB3F270317F300E962C8 /* Main.storyboard */ = {
			isa = PBXVariantGroup;
			children = (
				BB3FDB40270317F300E962C8 /* Base */,
			);
			name = Main.storyboard;
			sourceTree = "<group>";
		};
		BB3FDB44270317F500E962C8 /* LaunchScreen.storyboard */ = {
			isa = PBXVariantGroup;
			children = (
				BB3FDB45270317F500E962C8 /* Base */,
			);
			name = LaunchScreen.storyboard;
			sourceTree = "<group>";
		};
/* End PBXVariantGroup section */

/* Begin XCBuildConfiguration section */
		BB3FDB5E270317F500E962C8 /* Debug */ = {
			isa = XCBuildConfiguration;
			buildSettings = {
				ALWAYS_SEARCH_USER_PATHS = NO;
				CLANG_ANALYZER_NONNULL = YES;
				CLANG_ANALYZER_NUMBER_OBJECT_CONVERSION = YES_AGGRESSIVE;
				CLANG_CXX_LANGUAGE_STANDARD = "gnu++17";
				CLANG_CXX_LIBRARY = "libc++";
				CLANG_ENABLE_MODULES = YES;
				CLANG_ENABLE_OBJC_ARC = YES;
				CLANG_ENABLE_OBJC_WEAK = YES;
				CLANG_WARN_BLOCK_CAPTURE_AUTORELEASING = YES;
				CLANG_WARN_BOOL_CONVERSION = YES;
				CLANG_WARN_COMMA = YES;
				CLANG_WARN_CONSTANT_CONVERSION = YES;
				CLANG_WARN_DEPRECATED_OBJC_IMPLEMENTATIONS = YES;
				CLANG_WARN_DIRECT_OBJC_ISA_USAGE = YES_ERROR;
				CLANG_WARN_DOCUMENTATION_COMMENTS = YES;
				CLANG_WARN_EMPTY_BODY = YES;
				CLANG_WARN_ENUM_CONVERSION = YES;
				CLANG_WARN_INFINITE_RECURSION = YES;
				CLANG_WARN_INT_CONVERSION = YES;
				CLANG_WARN_NON_LITERAL_NULL_CONVERSION = YES;
				CLANG_WARN_OBJC_IMPLICIT_RETAIN_SELF = YES;
				CLANG_WARN_OBJC_LITERAL_CONVERSION = YES;
				CLANG_WARN_OBJC_ROOT_CLASS = YES_ERROR;
				CLANG_WARN_QUOTED_INCLUDE_IN_FRAMEWORK_HEADER = YES;
				CLANG_WARN_RANGE_LOOP_ANALYSIS = YES;
				CLANG_WARN_STRICT_PROTOTYPES = YES;
				CLANG_WARN_SUSPICIOUS_MOVE = YES;
				CLANG_WARN_UNGUARDED_AVAILABILITY = YES_AGGRESSIVE;
				CLANG_WARN_UNREACHABLE_CODE = YES;
				CLANG_WARN__DUPLICATE_METHOD_MATCH = YES;
				COPY_PHASE_STRIP = NO;
				DEBUG_INFORMATION_FORMAT = dwarf;
				ENABLE_STRICT_OBJC_MSGSEND = YES;
				ENABLE_TESTABILITY = YES;
				GCC_C_LANGUAGE_STANDARD = gnu11;
				GCC_DYNAMIC_NO_PIC = NO;
				GCC_NO_COMMON_BLOCKS = YES;
				GCC_OPTIMIZATION_LEVEL = 0;
				GCC_PREPROCESSOR_DEFINITIONS = (
					"DEBUG=1",
					"$(inherited)",
				);
				GCC_WARN_64_TO_32_BIT_CONVERSION = YES;
				GCC_WARN_ABOUT_RETURN_TYPE = YES_ERROR;
				GCC_WARN_UNDECLARED_SELECTOR = YES;
				GCC_WARN_UNINITIALIZED_AUTOS = YES_AGGRESSIVE;
				GCC_WARN_UNUSED_FUNCTION = YES;
				GCC_WARN_UNUSED_VARIABLE = YES;
				IPHONEOS_DEPLOYMENT_TARGET = 15.0;
				MTL_ENABLE_DEBUG_INFO = INCLUDE_SOURCE;
				MTL_FAST_MATH = YES;
				ONLY_ACTIVE_ARCH = YES;
				SDKROOT = iphoneos;
				SWIFT_ACTIVE_COMPILATION_CONDITIONS = DEBUG;
				SWIFT_OPTIMIZATION_LEVEL = "-Onone";
			};
			name = Debug;
		};
		BB3FDB5F270317F500E962C8 /* Release */ = {
			isa = XCBuildConfiguration;
			buildSettings = {
				ALWAYS_SEARCH_USER_PATHS = NO;
				CLANG_ANALYZER_NONNULL = YES;
				CLANG_ANALYZER_NUMBER_OBJECT_CONVERSION = YES_AGGRESSIVE;
				CLANG_CXX_LANGUAGE_STANDARD = "gnu++17";
				CLANG_CXX_LIBRARY = "libc++";
				CLANG_ENABLE_MODULES = YES;
				CLANG_ENABLE_OBJC_ARC = YES;
				CLANG_ENABLE_OBJC_WEAK = YES;
				CLANG_WARN_BLOCK_CAPTURE_AUTORELEASING = YES;
				CLANG_WARN_BOOL_CONVERSION = YES;
				CLANG_WARN_COMMA = YES;
				CLANG_WARN_CONSTANT_CONVERSION = YES;
				CLANG_WARN_DEPRECATED_OBJC_IMPLEMENTATIONS = YES;
				CLANG_WARN_DIRECT_OBJC_ISA_USAGE = YES_ERROR;
				CLANG_WARN_DOCUMENTATION_COMMENTS = YES;
				CLANG_WARN_EMPTY_BODY = YES;
				CLANG_WARN_ENUM_CONVERSION = YES;
				CLANG_WARN_INFINITE_RECURSION = YES;
				CLANG_WARN_INT_CONVERSION = YES;
				CLANG_WARN_NON_LITERAL_NULL_CONVERSION = YES;
				CLANG_WARN_OBJC_IMPLICIT_RETAIN_SELF = YES;
				CLANG_WARN_OBJC_LITERAL_CONVERSION = YES;
				CLANG_WARN_OBJC_ROOT_CLASS = YES_ERROR;
				CLANG_WARN_QUOTED_INCLUDE_IN_FRAMEWORK_HEADER = YES;
				CLANG_WARN_RANGE_LOOP_ANALYSIS = YES;
				CLANG_WARN_STRICT_PROTOTYPES = YES;
				CLANG_WARN_SUSPICIOUS_MOVE = YES;
				CLANG_WARN_UNGUARDED_AVAILABILITY = YES_AGGRESSIVE;
				CLANG_WARN_UNREACHABLE_CODE = YES;
				CLANG_WARN__DUPLICATE_METHOD_MATCH = YES;
				COPY_PHASE_STRIP = NO;
				DEBUG_INFORMATION_FORMAT = "dwarf-with-dsym";
				ENABLE_NS_ASSERTIONS = NO;
				ENABLE_STRICT_OBJC_MSGSEND = YES;
				GCC_C_LANGUAGE_STANDARD = gnu11;
				GCC_NO_COMMON_BLOCKS = YES;
				GCC_WARN_64_TO_32_BIT_CONVERSION = YES;
				GCC_WARN_ABOUT_RETURN_TYPE = YES_ERROR;
				GCC_WARN_UNDECLARED_SELECTOR = YES;
				GCC_WARN_UNINITIALIZED_AUTOS = YES_AGGRESSIVE;
				GCC_WARN_UNUSED_FUNCTION = YES;
				GCC_WARN_UNUSED_VARIABLE = YES;
				IPHONEOS_DEPLOYMENT_TARGET = 15.0;
				MTL_ENABLE_DEBUG_INFO = NO;
				MTL_FAST_MATH = YES;
				SDKROOT = iphoneos;
				SWIFT_COMPILATION_MODE = wholemodule;
				SWIFT_OPTIMIZATION_LEVEL = "-O";
				VALIDATE_PRODUCT = YES;
			};
			name = Release;
		};
		BB3FDB61270317F500E962C8 /* Debug */ = {
			isa = XCBuildConfiguration;
			buildSettings = {
				ASSETCATALOG_COMPILER_APPICON_NAME = AppIcon;
				ASSETCATALOG_COMPILER_GLOBAL_ACCENT_COLOR_NAME = AccentColor;
				CODE_SIGN_STYLE = Automatic;
				CURRENT_PROJECT_VERSION = 1;
				DEVELOPMENT_TEAM = A5Q6NL8F5W;
				GENERATE_INFOPLIST_FILE = YES;
				INFOPLIST_FILE = CTFeedbackSwiftLanguages/Info.plist;
				INFOPLIST_KEY_UIApplicationSupportsIndirectInputEvents = YES;
				INFOPLIST_KEY_UILaunchStoryboardName = LaunchScreen;
				INFOPLIST_KEY_UIMainStoryboardFile = Main;
				INFOPLIST_KEY_UISupportedInterfaceOrientations_iPad = "UIInterfaceOrientationPortrait UIInterfaceOrientationPortraitUpsideDown UIInterfaceOrientationLandscapeLeft UIInterfaceOrientationLandscapeRight";
				INFOPLIST_KEY_UISupportedInterfaceOrientations_iPhone = "UIInterfaceOrientationPortrait UIInterfaceOrientationLandscapeLeft UIInterfaceOrientationLandscapeRight";
				LD_RUNPATH_SEARCH_PATHS = (
					"$(inherited)",
					"@executable_path/Frameworks",
				);
				MARKETING_VERSION = 1.0;
				PRODUCT_BUNDLE_IDENTIFIER = biz.neotax.CTFeedbackSwiftLanguages;
				PRODUCT_NAME = "$(TARGET_NAME)";
				SWIFT_EMIT_LOC_STRINGS = YES;
				SWIFT_VERSION = 5.0;
				TARGETED_DEVICE_FAMILY = "1,2";
			};
			name = Debug;
		};
		BB3FDB62270317F500E962C8 /* Release */ = {
			isa = XCBuildConfiguration;
			buildSettings = {
				ASSETCATALOG_COMPILER_APPICON_NAME = AppIcon;
				ASSETCATALOG_COMPILER_GLOBAL_ACCENT_COLOR_NAME = AccentColor;
				CODE_SIGN_STYLE = Automatic;
				CURRENT_PROJECT_VERSION = 1;
				DEVELOPMENT_TEAM = A5Q6NL8F5W;
				GENERATE_INFOPLIST_FILE = YES;
				INFOPLIST_FILE = CTFeedbackSwiftLanguages/Info.plist;
				INFOPLIST_KEY_UIApplicationSupportsIndirectInputEvents = YES;
				INFOPLIST_KEY_UILaunchStoryboardName = LaunchScreen;
				INFOPLIST_KEY_UIMainStoryboardFile = Main;
				INFOPLIST_KEY_UISupportedInterfaceOrientations_iPad = "UIInterfaceOrientationPortrait UIInterfaceOrientationPortraitUpsideDown UIInterfaceOrientationLandscapeLeft UIInterfaceOrientationLandscapeRight";
				INFOPLIST_KEY_UISupportedInterfaceOrientations_iPhone = "UIInterfaceOrientationPortrait UIInterfaceOrientationLandscapeLeft UIInterfaceOrientationLandscapeRight";
				LD_RUNPATH_SEARCH_PATHS = (
					"$(inherited)",
					"@executable_path/Frameworks",
				);
				MARKETING_VERSION = 1.0;
				PRODUCT_BUNDLE_IDENTIFIER = biz.neotax.CTFeedbackSwiftLanguages;
				PRODUCT_NAME = "$(TARGET_NAME)";
				SWIFT_EMIT_LOC_STRINGS = YES;
				SWIFT_VERSION = 5.0;
				TARGETED_DEVICE_FAMILY = "1,2";
			};
			name = Release;
		};
		BB3FDB64270317F500E962C8 /* Debug */ = {
			isa = XCBuildConfiguration;
			buildSettings = {
				ALWAYS_EMBED_SWIFT_STANDARD_LIBRARIES = YES;
				BUNDLE_LOADER = "$(TEST_HOST)";
				CODE_SIGN_STYLE = Automatic;
				CURRENT_PROJECT_VERSION = 1;
				DEVELOPMENT_TEAM = A5Q6NL8F5W;
				GENERATE_INFOPLIST_FILE = YES;
				IPHONEOS_DEPLOYMENT_TARGET = 15.0;
				LD_RUNPATH_SEARCH_PATHS = (
					"$(inherited)",
					"@executable_path/Frameworks",
					"@loader_path/Frameworks",
				);
				MARKETING_VERSION = 1.0;
				PRODUCT_BUNDLE_IDENTIFIER = biz.neotax.CTFeedbackSwiftLanguagesTests;
				PRODUCT_NAME = "$(TARGET_NAME)";
				SWIFT_EMIT_LOC_STRINGS = NO;
				SWIFT_VERSION = 5.0;
				TARGETED_DEVICE_FAMILY = "1,2";
				TEST_HOST = "$(BUILT_PRODUCTS_DIR)/CTFeedbackSwiftLanguages.app/CTFeedbackSwiftLanguages";
			};
			name = Debug;
		};
		BB3FDB65270317F500E962C8 /* Release */ = {
			isa = XCBuildConfiguration;
			buildSettings = {
				ALWAYS_EMBED_SWIFT_STANDARD_LIBRARIES = YES;
				BUNDLE_LOADER = "$(TEST_HOST)";
				CODE_SIGN_STYLE = Automatic;
				CURRENT_PROJECT_VERSION = 1;
				DEVELOPMENT_TEAM = A5Q6NL8F5W;
				GENERATE_INFOPLIST_FILE = YES;
				IPHONEOS_DEPLOYMENT_TARGET = 15.0;
				LD_RUNPATH_SEARCH_PATHS = (
					"$(inherited)",
					"@executable_path/Frameworks",
					"@loader_path/Frameworks",
				);
				MARKETING_VERSION = 1.0;
				PRODUCT_BUNDLE_IDENTIFIER = biz.neotax.CTFeedbackSwiftLanguagesTests;
				PRODUCT_NAME = "$(TARGET_NAME)";
				SWIFT_EMIT_LOC_STRINGS = NO;
				SWIFT_VERSION = 5.0;
				TARGETED_DEVICE_FAMILY = "1,2";
				TEST_HOST = "$(BUILT_PRODUCTS_DIR)/CTFeedbackSwiftLanguages.app/CTFeedbackSwiftLanguages";
			};
			name = Release;
		};
		BB3FDB67270317F500E962C8 /* Debug */ = {
			isa = XCBuildConfiguration;
			buildSettings = {
				ALWAYS_EMBED_SWIFT_STANDARD_LIBRARIES = YES;
				CODE_SIGN_STYLE = Automatic;
				CURRENT_PROJECT_VERSION = 1;
				DEVELOPMENT_TEAM = A5Q6NL8F5W;
				GENERATE_INFOPLIST_FILE = YES;
				LD_RUNPATH_SEARCH_PATHS = (
					"$(inherited)",
					"@executable_path/Frameworks",
					"@loader_path/Frameworks",
				);
				MARKETING_VERSION = 1.0;
				PRODUCT_BUNDLE_IDENTIFIER = biz.neotax.CTFeedbackSwiftLanguagesUITests;
				PRODUCT_NAME = "$(TARGET_NAME)";
				SWIFT_EMIT_LOC_STRINGS = NO;
				SWIFT_VERSION = 5.0;
				TARGETED_DEVICE_FAMILY = "1,2";
				TEST_TARGET_NAME = CTFeedbackSwiftLanguages;
			};
			name = Debug;
		};
		BB3FDB68270317F500E962C8 /* Release */ = {
			isa = XCBuildConfiguration;
			buildSettings = {
				ALWAYS_EMBED_SWIFT_STANDARD_LIBRARIES = YES;
				CODE_SIGN_STYLE = Automatic;
				CURRENT_PROJECT_VERSION = 1;
				DEVELOPMENT_TEAM = A5Q6NL8F5W;
				GENERATE_INFOPLIST_FILE = YES;
				LD_RUNPATH_SEARCH_PATHS = (
					"$(inherited)",
					"@executable_path/Frameworks",
					"@loader_path/Frameworks",
				);
				MARKETING_VERSION = 1.0;
				PRODUCT_BUNDLE_IDENTIFIER = biz.neotax.CTFeedbackSwiftLanguagesUITests;
				PRODUCT_NAME = "$(TARGET_NAME)";
				SWIFT_EMIT_LOC_STRINGS = NO;
				SWIFT_VERSION = 5.0;
				TARGETED_DEVICE_FAMILY = "1,2";
				TEST_TARGET_NAME = CTFeedbackSwiftLanguages;
			};
			name = Release;
		};
/* End XCBuildConfiguration section */

/* Begin XCConfigurationList section */
		BB3FDB31270317F300E962C8 /* Build configuration list for PBXProject "CTFeedbackSwiftLanguages" */ = {
			isa = XCConfigurationList;
			buildConfigurations = (
				BB3FDB5E270317F500E962C8 /* Debug */,
				BB3FDB5F270317F500E962C8 /* Release */,
			);
			defaultConfigurationIsVisible = 0;
			defaultConfigurationName = Release;
		};
		BB3FDB60270317F500E962C8 /* Build configuration list for PBXNativeTarget "CTFeedbackSwiftLanguages" */ = {
			isa = XCConfigurationList;
			buildConfigurations = (
				BB3FDB61270317F500E962C8 /* Debug */,
				BB3FDB62270317F500E962C8 /* Release */,
			);
			defaultConfigurationIsVisible = 0;
			defaultConfigurationName = Release;
		};
		BB3FDB63270317F500E962C8 /* Build configuration list for PBXNativeTarget "CTFeedbackSwiftLanguagesTests" */ = {
			isa = XCConfigurationList;
			buildConfigurations = (
				BB3FDB64270317F500E962C8 /* Debug */,
				BB3FDB65270317F500E962C8 /* Release */,
			);
			defaultConfigurationIsVisible = 0;
			defaultConfigurationName = Release;
		};
		BB3FDB66270317F500E962C8 /* Build configuration list for PBXNativeTarget "CTFeedbackSwiftLanguagesUITests" */ = {
			isa = XCConfigurationList;
			buildConfigurations = (
				BB3FDB67270317F500E962C8 /* Debug */,
				BB3FDB68270317F500E962C8 /* Release */,
			);
			defaultConfigurationIsVisible = 0;
			defaultConfigurationName = Release;
		};
/* End XCConfigurationList section */
	};
	rootObject = BB3FDB2E270317F300E962C8 /* Project object */;
}
